
Microsoft Visual Studio Solution File, Format Version 12.00
# Visual Studio Version 17
VisualStudioVersion = 17.7.34031.279
MinimumVisualStudioVersion = 10.0.40219.1
Project("{9A19103F-16F7-4668-BE54-9A1E7A4F7556}") = "Лаба1", "Лаба1\Лаба1.csproj", "{883AC049-E913-47CD-B7F8-B66BDE5B12A2}"
EndProject
Project("{9A19103F-16F7-4668-BE54-9A1E7A4F7556}") = "Лаба2", "Лаба2\Лаба2.csproj", "{A5E90DA8-351F-419D-AFFA-44942E09DA2C}"
EndProject
Project("{9A19103F-16F7-4668-BE54-9A1E7A4F7556}") = "Лаба3", "Лаба3\Лаба3.csproj", "{97F53015-FA51-498B-B831-F27E248C09B5}"
EndProject
Project("{9A19103F-16F7-4668-BE54-9A1E7A4F7556}") = "Lab4", "Lab4\Lab4.csproj", "{E24A04D0-4956-419E-8F86-91E81FC5CC4A}"
EndProject
Project("{FAE04EC0-301F-11D3-BF4B-00C04F79EFBC}") = "Lab5", "Lab5\Lab5.csproj", "{7BF7059A-5917-4BEE-9A31-E8269977345A}"
EndProject
Global
	GlobalSection(SolutionConfigurationPlatforms) = preSolution
		Debug|Any CPU = Debug|Any CPU
		Release|Any CPU = Release|Any CPU
	EndGlobalSection
	GlobalSection(ProjectConfigurationPlatforms) = postSolution
		{883AC049-E913-47CD-B7F8-B66BDE5B12A2}.Debug|Any CPU.ActiveCfg = Debug|Any CPU
		{883AC049-E913-47CD-B7F8-B66BDE5B12A2}.Debug|Any CPU.Build.0 = Debug|Any CPU
		{883AC049-E913-47CD-B7F8-B66BDE5B12A2}.Release|Any CPU.ActiveCfg = Release|Any CPU
		{883AC049-E913-47CD-B7F8-B66BDE5B12A2}.Release|Any CPU.Build.0 = Release|Any CPU
		{A5E90DA8-351F-419D-AFFA-44942E09DA2C}.Debug|Any CPU.ActiveCfg = Debug|Any CPU
		{A5E90DA8-351F-419D-AFFA-44942E09DA2C}.Debug|Any CPU.Build.0 = Debug|Any CPU
		{A5E90DA8-351F-419D-AFFA-44942E09DA2C}.Release|Any CPU.ActiveCfg = Release|Any CPU
		{A5E90DA8-351F-419D-AFFA-44942E09DA2C}.Release|Any CPU.Build.0 = Release|Any CPU
		{97F53015-FA51-498B-B831-F27E248C09B5}.Debug|Any CPU.ActiveCfg = Debug|Any CPU
		{97F53015-FA51-498B-B831-F27E248C09B5}.Debug|Any CPU.Build.0 = Debug|Any CPU
		{97F53015-FA51-498B-B831-F27E248C09B5}.Release|Any CPU.ActiveCfg = Release|Any CPU
		{97F53015-FA51-498B-B831-F27E248C09B5}.Release|Any CPU.Build.0 = Release|Any CPU
		{E24A04D0-4956-419E-8F86-91E81FC5CC4A}.Debug|Any CPU.ActiveCfg = Debug|Any CPU
		{E24A04D0-4956-419E-8F86-91E81FC5CC4A}.Debug|Any CPU.Build.0 = Debug|Any CPU
		{E24A04D0-4956-419E-8F86-91E81FC5CC4A}.Release|Any CPU.ActiveCfg = Release|Any CPU
		{E24A04D0-4956-419E-8F86-91E81FC5CC4A}.Release|Any CPU.Build.0 = Release|Any CPU
		{7BF7059A-5917-4BEE-9A31-E8269977345A}.Debug|Any CPU.ActiveCfg = Debug|Any CPU
		{7BF7059A-5917-4BEE-9A31-E8269977345A}.Debug|Any CPU.Build.0 = Debug|Any CPU
		{7BF7059A-5917-4BEE-9A31-E8269977345A}.Release|Any CPU.ActiveCfg = Release|Any CPU
		{7BF7059A-5917-4BEE-9A31-E8269977345A}.Release|Any CPU.Build.0 = Release|Any CPU
	EndGlobalSection
	GlobalSection(SolutionProperties) = preSolution
		HideSolutionNode = FALSE
	EndGlobalSection
	GlobalSection(ExtensibilityGlobals) = postSolution
		SolutionGuid = {0A8F2D34-852B-44F4-A793-D77E08D90514}
	EndGlobalSection
EndGlobal
